// !$*UTF8*$!
{
	archiveVersion = 1;
	classes = {
	};
	objectVersion = 48;
	objects = {

/* Begin PBXBuildFile section */
		B694A86920353E7500F80F6B /* AppDelegate.m in Sources */ = {isa = PBXBuildFile; fileRef = B694A86820353E7500F80F6B /* AppDelegate.m */; };
		B694A86C20353E7500F80F6B /* ViewController.m in Sources */ = {isa = PBXBuildFile; fileRef = B694A86B20353E7500F80F6B /* ViewController.m */; };
		B694A87120353E7500F80F6B /* Assets.xcassets in Resources */ = {isa = PBXBuildFile; fileRef = B694A87020353E7500F80F6B /* Assets.xcassets */; };
		B694A87420353E7500F80F6B /* LaunchScreen.storyboard in Resources */ = {isa = PBXBuildFile; fileRef = B694A87220353E7500F80F6B /* LaunchScreen.storyboard */; };
		B694A87720353E7500F80F6B /* main.m in Sources */ = {isa = PBXBuildFile; fileRef = B694A87620353E7500F80F6B /* main.m */; };
		B694A88320353EB400F80F6B /* PushAnimator.m in Sources */ = {isa = PBXBuildFile; fileRef = B694A87E20353EB300F80F6B /* PushAnimator.m */; };
		B694A88420353EB400F80F6B /* CeshiViewController.m in Sources */ = {isa = PBXBuildFile; fileRef = B694A88020353EB300F80F6B /* CeshiViewController.m */; };
		B694A88520353EB400F80F6B /* PopAnimator.m in Sources */ = {isa = PBXBuildFile; fileRef = B694A88120353EB300F80F6B /* PopAnimator.m */; };
		B694A88820353EBA00F80F6B /* NavigationControllerDelegate.m in Sources */ = {isa = PBXBuildFile; fileRef = B694A88720353EBA00F80F6B /* NavigationControllerDelegate.m */; };
		B694A88A20353F8100F80F6B /* Main.storyboard in Resources */ = {isa = PBXBuildFile; fileRef = B694A88920353F8000F80F6B /* Main.storyboard */; };
/* End PBXBuildFile section */

/* Begin PBXFileReference section */
		B694A86420353E7500F80F6B /* TransitionAnimate.app */ = {isa = PBXFileReference; explicitFileType = wrapper.application; includeInIndex = 0; path = TransitionAnimate.app; sourceTree = BUILT_PRODUCTS_DIR; };
		B694A86720353E7500F80F6B /* AppDelegate.h */ = {isa = PBXFileReference; lastKnownFileType = sourcecode.c.h; path = AppDelegate.h; sourceTree = "<group>"; };
		B694A86820353E7500F80F6B /* AppDelegate.m */ = {isa = PBXFileReference; lastKnownFileType = sourcecode.c.objc; path = AppDelegate.m; sourceTree = "<group>"; };
		B694A86A20353E7500F80F6B /* ViewController.h */ = {isa = PBXFileReference; lastKnownFileType = sourcecode.c.h; path = ViewController.h; sourceTree = "<group>"; };
		B694A86B20353E7500F80F6B /* ViewController.m */ = {isa = PBXFileReference; lastKnownFileType = sourcecode.c.objc; path = ViewController.m; sourceTree = "<group>"; };
		B694A87020353E7500F80F6B /* Assets.xcassets */ = {isa = PBXFileReference; lastKnownFileType = folder.assetcatalog; path = Assets.xcassets; sourceTree = "<group>"; };
		B694A87320353E7500F80F6B /* Base */ = {isa = PBXFileReference; lastKnownFileType = file.storyboard; name = Base; path = Base.lproj/LaunchScreen.storyboard; sourceTree = "<group>"; };
		B694A87520353E7500F80F6B /* Info.plist */ = {isa = PBXFileReference; lastKnownFileType = text.plist.xml; path = Info.plist; sourceTree = "<group>"; };
		B694A87620353E7500F80F6B /* main.m */ = {isa = PBXFileReference; lastKnownFileType = sourcecode.c.objc; path = main.m; sourceTree = "<group>"; };
		B694A87D20353EB300F80F6B /* PopAnimator.h */ = {isa = PBXFileReference; fileEncoding = 4; lastKnownFileType = sourcecode.c.h; path = PopAnimator.h; sourceTree = "<group>"; };
		B694A87E20353EB300F80F6B /* PushAnimator.m */ = {isa = PBXFileReference; fileEncoding = 4; lastKnownFileType = sourcecode.c.objc; path = PushAnimator.m; sourceTree = "<group>"; };
		B694A87F20353EB300F80F6B /* CeshiViewController.h */ = {isa = PBXFileReference; fileEncoding = 4; lastKnownFileType = sourcecode.c.h; path = CeshiViewController.h; sourceTree = "<group>"; };
		B694A88020353EB300F80F6B /* CeshiViewController.m */ = {isa = PBXFileReference; fileEncoding = 4; lastKnownFileType = sourcecode.c.objc; path = CeshiViewController.m; sourceTree = "<group>"; };
		B694A88120353EB300F80F6B /* PopAnimator.m */ = {isa = PBXFileReference; fileEncoding = 4; lastKnownFileType = sourcecode.c.objc; path = PopAnimator.m; sourceTree = "<group>"; };
		B694A88220353EB400F80F6B /* PushAnimator.h */ = {isa = PBXFileReference; fileEncoding = 4; lastKnownFileType = sourcecode.c.h; path = PushAnimator.h; sourceTree = "<group>"; };
		B694A88620353EBA00F80F6B /* NavigationControllerDelegate.h */ = {isa = PBXFileReference; fileEncoding = 4; lastKnownFileType = sourcecode.c.h; path = NavigationControllerDelegate.h; sourceTree = "<group>"; };
		B694A88720353EBA00F80F6B /* NavigationControllerDelegate.m */ = {isa = PBXFileReference; fileEncoding = 4; lastKnownFileType = sourcecode.c.objc; path = NavigationControllerDelegate.m; sourceTree = "<group>"; };
		B694A88920353F8000F80F6B /* Main.storyboard */ = {isa = PBXFileReference; fileEncoding = 4; lastKnownFileType = file.storyboard; path = Main.storyboard; sourceTree = "<group>"; };
/* End PBXFileReference section */

/* Begin PBXFrameworksBuildPhase section */
		B694A86120353E7500F80F6B /* Frameworks */ = {
			isa = PBXFrameworksBuildPhase;
			buildActionMask = 2147483647;
			files = (
			);
			runOnlyForDeploymentPostprocessing = 0;
		};
/* End PBXFrameworksBuildPhase section */

/* Begin PBXGroup section */
		B694A85B20353E7500F80F6B = {
			isa = PBXGroup;
			children = (
				B694A86620353E7500F80F6B /* TransitionAnimate */,
				B694A86520353E7500F80F6B /* Products */,
			);
			sourceTree = "<group>";
		};
		B694A86520353E7500F80F6B /* Products */ = {
			isa = PBXGroup;
			children = (
				B694A86420353E7500F80F6B /* TransitionAnimate.app */,
			);
			name = Products;
			sourceTree = "<group>";
		};
		B694A86620353E7500F80F6B /* TransitionAnimate */ = {
			isa = PBXGroup;
			children = (
				B694A86720353E7500F80F6B /* AppDelegate.h */,
				B694A86820353E7500F80F6B /* AppDelegate.m */,
				B694A86A20353E7500F80F6B /* ViewController.h */,
				B694A86B20353E7500F80F6B /* ViewController.m */,
				B694A87F20353EB300F80F6B /* CeshiViewController.h */,
				B694A88020353EB300F80F6B /* CeshiViewController.m */,
				B694A87D20353EB300F80F6B /* PopAnimator.h */,
				B694A88120353EB300F80F6B /* PopAnimator.m */,
				B694A88220353EB400F80F6B /* PushAnimator.h */,
				B694A87E20353EB300F80F6B /* PushAnimator.m */,
				B694A88920353F8000F80F6B /* Main.storyboard */,
				B694A88620353EBA00F80F6B /* NavigationControllerDelegate.h */,
				B694A88720353EBA00F80F6B /* NavigationControllerDelegate.m */,
				B694A87020353E7500F80F6B /* Assets.xcassets */,
				B694A87220353E7500F80F6B /* LaunchScreen.storyboard */,
				B694A87520353E7500F80F6B /* Info.plist */,
				B694A87620353E7500F80F6B /* main.m */,
			);
			path = TransitionAnimate;
			sourceTree = "<group>";
		};
/* End PBXGroup section */

/* Begin PBXNativeTarget section */
		B694A86320353E7500F80F6B /* TransitionAnimate */ = {
			isa = PBXNativeTarget;
			buildConfigurationList = B694A87A20353E7500F80F6B /* Build configuration list for PBXNativeTarget "TransitionAnimate" */;
			buildPhases = (
				B694A86020353E7500F80F6B /* Sources */,
				B694A86120353E7500F80F6B /* Frameworks */,
				B694A86220353E7500F80F6B /* Resources */,
			);
			buildRules = (
			);
			dependencies = (
			);
			name = TransitionAnimate;
			productName = TransitionAnimate;
			productReference = B694A86420353E7500F80F6B /* TransitionAnimate.app */;
			productType = "com.apple.product-type.application";
		};
/* End PBXNativeTarget section */

/* Begin PBXProject section */
		B694A85C20353E7500F80F6B /* Project object */ = {
			isa = PBXProject;
			attributes = {
				LastUpgradeCheck = 0920;
				ORGANIZATIONNAME = "李洋";
				TargetAttributes = {
					B694A86320353E7500F80F6B = {
						CreatedOnToolsVersion = 9.2;
						ProvisioningStyle = Automatic;
					};
				};
			};
			buildConfigurationList = B694A85F20353E7500F80F6B /* Build configuration list for PBXProject "TransitionAnimate" */;
			compatibilityVersion = "Xcode 8.0";
			developmentRegion = en;
			hasScannedForEncodings = 0;
			knownRegions = (
				en,
				Base,
			);
			mainGroup = B694A85B20353E7500F80F6B;
			productRefGroup = B694A86520353E7500F80F6B /* Products */;
			projectDirPath = "";
			projectRoot = "";
			targets = (
				B694A86320353E7500F80F6B /* TransitionAnimate */,
			);
		};
/* End PBXProject section */

/* Begin PBXResourcesBuildPhase section */
		B694A86220353E7500F80F6B /* Resources */ = {
			isa = PBXResourcesBuildPhase;
			buildActionMask = 2147483647;
			files = (
				B694A88A20353F8100F80F6B /* Main.storyboard in Resources */,
				B694A87420353E7500F80F6B /* LaunchScreen.storyboard in Resources */,
				B694A87120353E7500F80F6B /* Assets.xcassets in Resources */,
			);
			runOnlyForDeploymentPostprocessing = 0;
		};
/* End PBXResourcesBuildPhase section */

/* Begin PBXSourcesBuildPhase section */
		B694A86020353E7500F80F6B /* Sources */ = {
			isa = PBXSourcesBuildPhase;
			buildActionMask = 2147483647;
			files = (
				B694A88320353EB400F80F6B /* PushAnimator.m in Sources */,
				B694A86C20353E7500F80F6B /* ViewController.m in Sources */,
				B694A88520353EB400F80F6B /* PopAnimator.m in Sources */,
				B694A87720353E7500F80F6B /* main.m in Sources */,
				B694A86920353E7500F80F6B /* AppDelegate.m in Sources */,
				B694A88420353EB400F80F6B /* CeshiViewController.m in Sources */,
				B694A88820353EBA00F80F6B /* NavigationControllerDelegate.m in Sources */,
			);
			runOnlyForDeploymentPostprocessing = 0;
		};
/* End PBXSourcesBuildPhase section */

/* Begin PBXVariantGroup section */
		B694A87220353E7500F80F6B /* LaunchScreen.storyboard */ = {
			isa = PBXVariantGroup;
			children = (
				B694A87320353E7500F80F6B /* Base */,
			);
			name = LaunchScreen.storyboard;
			sourceTree = "<group>";
		};
/* End PBXVariantGroup section */

/* Begin XCBuildConfiguration section */
		B694A87820353E7500F80F6B /* Debug */ = {
			isa = XCBuildConfiguration;
			buildSettings = {
				ALWAYS_SEARCH_USER_PATHS = NO;
				CLANG_ANALYZER_NONNULL = YES;
				CLANG_ANALYZER_NUMBER_OBJECT_CONVERSION = YES_AGGRESSIVE;
				CLANG_CXX_LANGUAGE_STANDARD = "gnu++14";
				CLANG_CXX_LIBRARY = "libc++";
				CLANG_ENABLE_MODULES = YES;
				CLANG_ENABLE_OBJC_ARC = YES;
				CLANG_WARN_BLOCK_CAPTURE_AUTORELEASING = YES;
				CLANG_WARN_BOOL_CONVERSION = YES;
				CLANG_WARN_COMMA = YES;
				CLANG_WARN_CONSTANT_CONVERSION = YES;
				CLANG_WARN_DIRECT_OBJC_ISA_USAGE = YES_ERROR;
				CLANG_WARN_DOCUMENTATION_COMMENTS = YES;
				CLANG_WARN_EMPTY_BODY = YES;
				CLANG_WARN_ENUM_CONVERSION = YES;
				CLANG_WARN_INFINITE_RECURSION = YES;
				CLANG_WARN_INT_CONVERSION = YES;
				CLANG_WARN_NON_LITERAL_NULL_CONVERSION = YES;
				CLANG_WARN_OBJC_LITERAL_CONVERSION = YES;
				CLANG_WARN_OBJC_ROOT_CLASS = YES_ERROR;
				CLANG_WARN_RANGE_LOOP_ANALYSIS = YES;
				CLANG_WARN_STRICT_PROTOTYPES = YES;
				CLANG_WARN_SUSPICIOUS_MOVE = YES;
				CLANG_WARN_UNGUARDED_AVAILABILITY = YES_AGGRESSIVE;
				CLANG_WARN_UNREACHABLE_CODE = YES;
				CLANG_WARN__DUPLICATE_METHOD_MATCH = YES;
				CODE_SIGN_IDENTITY = "iPhone Developer";
				COPY_PHASE_STRIP = NO;
				DEBUG_INFORMATION_FORMAT = dwarf;
				ENABLE_STRICT_OBJC_MSGSEND = YES;
				ENABLE_TESTABILITY = YES;
				GCC_C_LANGUAGE_STANDARD = gnu11;
				GCC_DYNAMIC_NO_PIC = NO;
				GCC_NO_COMMON_BLOCKS = YES;
				GCC_OPTIMIZATION_LEVEL = 0;
				GCC_PREPROCESSOR_DEFINITIONS = (
					"DEBUG=1",
					"$(inherited)",
				);
				GCC_WARN_64_TO_32_BIT_CONVERSION = YES;
				GCC_WARN_ABOUT_RETURN_TYPE = YES_ERROR;
				GCC_WARN_UNDECLARED_SELECTOR = YES;
				GCC_WARN_UNINITIALIZED_AUTOS = YES_AGGRESSIVE;
				GCC_WARN_UNUSED_FUNCTION = YES;
				GCC_WARN_UNUSED_VARIABLE = YES;
				IPHONEOS_DEPLOYMENT_TARGET = 11.2;
				MTL_ENABLE_DEBUG_INFO = YES;
				ONLY_ACTIVE_ARCH = YES;
				SDKROOT = iphoneos;
			};
			name = Debug;
		};
		B694A87920353E7500F80F6B /* Release */ = {
			isa = XCBuildConfiguration;
			buildSettings = {
				ALWAYS_SEARCH_USER_PATHS = NO;
				CLANG_ANALYZER_NONNULL = YES;
				CLANG_ANALYZER_NUMBER_OBJECT_CONVERSION = YES_AGGRESSIVE;
				CLANG_CXX_LANGUAGE_STANDARD = "gnu++14";
				CLANG_CXX_LIBRARY = "libc++";
				CLANG_ENABLE_MODULES = YES;
				CLANG_ENABLE_OBJC_ARC = YES;
				CLANG_WARN_BLOCK_CAPTURE_AUTORELEASING = YES;
				CLANG_WARN_BOOL_CONVERSION = YES;
				CLANG_WARN_COMMA = YES;
				CLANG_WARN_CONSTANT_CONVERSION = YES;
				CLANG_WARN_DIRECT_OBJC_ISA_USAGE = YES_ERROR;
				CLANG_WARN_DOCUMENTATION_COMMENTS = YES;
				CLANG_WARN_EMPTY_BODY = YES;
				CLANG_WARN_ENUM_CONVERSION = YES;
				CLANG_WARN_INFINITE_RECURSION = YES;
				CLANG_WARN_INT_CONVERSION = YES;
				CLANG_WARN_NON_LITERAL_NULL_CONVERSION = YES;
				CLANG_WARN_OBJC_LITERAL_CONVERSION = YES;
				CLANG_WARN_OBJC_ROOT_CLASS = YES_ERROR;
				CLANG_WARN_RANGE_LOOP_ANALYSIS = YES;
				CLANG_WARN_STRICT_PROTOTYPES = YES;
				CLANG_WARN_SUSPICIOUS_MOVE = YES;
				CLANG_WARN_UNGUARDED_AVAILABILITY = YES_AGGRESSIVE;
				CLANG_WARN_UNREACHABLE_CODE = YES;
				CLANG_WARN__DUPLICATE_METHOD_MATCH = YES;
				CODE_SIGN_IDENTITY = "iPhone Developer";
				COPY_PHASE_STRIP = NO;
				DEBUG_INFORMATION_FORMAT = "dwarf-with-dsym";
				ENABLE_NS_ASSERTIONS = NO;
				ENABLE_STRICT_OBJC_MSGSEND = YES;
				GCC_C_LANGUAGE_STANDARD = gnu11;
				GCC_NO_COMMON_BLOCKS = YES;
				GCC_WARN_64_TO_32_BIT_CONVERSION = YES;
				GCC_WARN_ABOUT_RETURN_TYPE = YES_ERROR;
				GCC_WARN_UNDECLARED_SELECTOR = YES;
				GCC_WARN_UNINITIALIZED_AUTOS = YES_AGGRESSIVE;
				GCC_WARN_UNUSED_FUNCTION = YES;
				GCC_WARN_UNUSED_VARIABLE = YES;
				IPHONEOS_DEPLOYMENT_TARGET = 11.2;
				MTL_ENABLE_DEBUG_INFO = NO;
				SDKROOT = iphoneos;
				VALIDATE_PRODUCT = YES;
			};
			name = Release;
		};
		B694A87B20353E7500F80F6B /* Debug */ = {
			isa = XCBuildConfiguration;
			buildSettings = {
				ASSETCATALOG_COMPILER_APPICON_NAME = AppIcon;
				CODE_SIGN_STYLE = Automatic;
				INFOPLIST_FILE = TransitionAnimate/Info.plist;
				LD_RUNPATH_SEARCH_PATHS = "$(inherited) @executable_path/Frameworks";
				PRODUCT_BUNDLE_IDENTIFIER = "-.TransitionAnimate";
				PRODUCT_NAME = "$(TARGET_NAME)";
				TARGETED_DEVICE_FAMILY = "1,2";
			};
			name = Debug;
		};
		B694A87C20353E7500F80F6B /* Release */ = {
			isa = XCBuildConfiguration;
			buildSettings = {
				ASSETCATALOG_COMPILER_APPICON_NAME = AppIcon;
				CODE_SIGN_STYLE = Automatic;
				INFOPLIST_FILE = TransitionAnimate/Info.plist;
				LD_RUNPATH_SEARCH_PATHS = "$(inherited) @executable_path/Frameworks";
				PRODUCT_BUNDLE_IDENTIFIER = "-.TransitionAnimate";
				PRODUCT_NAME = "$(TARGET_NAME)";
				TARGETED_DEVICE_FAMILY = "1,2";
			};
			name = Release;
		};
/* End XCBuildConfiguration section */

/* Begin XCConfigurationList section */
		B694A85F20353E7500F80F6B /* Build configuration list for PBXProject "TransitionAnimate" */ = {
			isa = XCConfigurationList;
			buildConfigurations = (
				B694A87820353E7500F80F6B /* Debug */,
				B694A87920353E7500F80F6B /* Release */,
			);
			defaultConfigurationIsVisible = 0;
			defaultConfigurationName = Release;
		};
		B694A87A20353E7500F80F6B /* Build configuration list for PBXNativeTarget "TransitionAnimate" */ = {
			isa = XCConfigurationList;
			buildConfigurations = (
				B694A87B20353E7500F80F6B /* Debug */,
				B694A87C20353E7500F80F6B /* Release */,
			);
			defaultConfigurationIsVisible = 0;
			defaultConfigurationName = Release;
		};
/* End XCConfigurationList section */
	};
	rootObject = B694A85C20353E7500F80F6B /* Project object */;
}
